
Microsoft Visual Studio Solution File, Format Version 12.00
# Visual Studio Version 16
VisualStudioVersion = 16.0.31005.135
MinimumVisualStudioVersion = 10.0.40219.1
Project("{FAE04EC0-301F-11D3-BF4B-00C04F79EFBC}") = "HastaneOtomasyonu.Entities", "HastaneOtomasyonu.Entities\HastaneOtomasyonu.Entities.csproj", "{33ADA5C9-928E-4D20-A429-9D2D976A26D9}"
EndProject
Project("{FAE04EC0-301F-11D3-BF4B-00C04F79EFBC}") = "HastaneOtomasyonu.Dal", "HastaneOtomasyonu.Dal\HastaneOtomasyonu.Dal.csproj", "{BEB157E7-94D6-48A1-8BE4-29BE3E8DA402}"
EndProject
Project("{FAE04EC0-301F-11D3-BF4B-00C04F79EFBC}") = "HastaneOtomasyonu.Business", "HastaneOtomasyonu.Business\HastaneOtomasyonu.Business.csproj", "{9797442B-2FDA-4A28-B266-1371DB285F92}"
EndProject
Project("{FAE04EC0-301F-11D3-BF4B-00C04F79EFBC}") = "HastaneOtomasyonu.FormUI", "HastaneOtomasyonu.FormUI\HastaneOtomasyonu.FormUI.csproj", "{CAB6DDBD-4C29-4405-AA5B-552F9F408733}"
EndProject
Global
	GlobalSection(SolutionConfigurationPlatforms) = preSolution
		Debug|Any CPU = Debug|Any CPU
		Release|Any CPU = Release|Any CPU
	EndGlobalSection
	GlobalSection(ProjectConfigurationPlatforms) = postSolution
		{33ADA5C9-928E-4D20-A429-9D2D976A26D9}.Debug|Any CPU.ActiveCfg = Debug|Any CPU
		{33ADA5C9-928E-4D20-A429-9D2D976A26D9}.Debug|Any CPU.Build.0 = Debug|Any CPU
		{33ADA5C9-928E-4D20-A429-9D2D976A26D9}.Release|Any CPU.ActiveCfg = Release|Any CPU
		{33ADA5C9-928E-4D20-A429-9D2D976A26D9}.Release|Any CPU.Build.0 = Release|Any CPU
		{BEB157E7-94D6-48A1-8BE4-29BE3E8DA402}.Debug|Any CPU.ActiveCfg = Debug|Any CPU
		{BEB157E7-94D6-48A1-8BE4-29BE3E8DA402}.Debug|Any CPU.Build.0 = Debug|Any CPU
		{BEB157E7-94D6-48A1-8BE4-29BE3E8DA402}.Release|Any CPU.ActiveCfg = Release|Any CPU
		{BEB157E7-94D6-48A1-8BE4-29BE3E8DA402}.Release|Any CPU.Build.0 = Release|Any CPU
		{9797442B-2FDA-4A28-B266-1371DB285F92}.Debug|Any CPU.ActiveCfg = Debug|Any CPU
		{9797442B-2FDA-4A28-B266-1371DB285F92}.Debug|Any CPU.Build.0 = Debug|Any CPU
		{9797442B-2FDA-4A28-B266-1371DB285F92}.Release|Any CPU.ActiveCfg = Release|Any CPU
		{9797442B-2FDA-4A28-B266-1371DB285F92}.Release|Any CPU.Build.0 = Release|Any CPU
		{CAB6DDBD-4C29-4405-AA5B-552F9F408733}.Debug|Any CPU.ActiveCfg = Debug|Any CPU
		{CAB6DDBD-4C29-4405-AA5B-552F9F408733}.Debug|Any CPU.Build.0 = Debug|Any CPU
		{CAB6DDBD-4C29-4405-AA5B-552F9F408733}.Release|Any CPU.ActiveCfg = Release|Any CPU
		{CAB6DDBD-4C29-4405-AA5B-552F9F408733}.Release|Any CPU.Build.0 = Release|Any CPU
	EndGlobalSection
	GlobalSection(SolutionProperties) = preSolution
		HideSolutionNode = FALSE
	EndGlobalSection
	GlobalSection(ExtensibilityGlobals) = postSolution
		SolutionGuid = {108BEB44-6D62-432A-BBC8-BD57F9555568}
	EndGlobalSection
EndGlobal
